
Microsoft Visual Studio Solution File, Format Version 12.00
# Visual Studio 2012
Project("{FAE04EC0-301F-11D3-BF4B-00C04F79EFBC}") = "GithubClient", "GithubClient\GithubClient.csproj", "{D52DDC9B-B506-4758-A5EC-33F097217829}"
EndProject
Project("{FAE04EC0-301F-11D3-BF4B-00C04F79EFBC}") = "GithubTFSBridge", "GithubTFSBridge\GithubTFSBridge.csproj", "{6F47C61C-F346-4CC9-ACEA-43655D662E28}"
EndProject
Project("{FAE04EC0-301F-11D3-BF4B-00C04F79EFBC}") = "GithubTFSBridgeService", "GithubTFSBridgeService\GithubTFSBridgeService.csproj", "{81BB01A3-4748-49A7-9E41-E11B043BD5C1}"
EndProject
Project("{2150E333-8FDC-42A3-9474-1A3956D46DE8}") = ".nuget", ".nuget", "{F0127424-AD40-491C-AEFB-1E55217257F3}"
	ProjectSection(SolutionItems) = preProject
		.nuget\NuGet.Config = .nuget\NuGet.Config
		.nuget\NuGet.exe = .nuget\NuGet.exe
		.nuget\NuGet.targets = .nuget\NuGet.targets
		.nuget\packages.config = .nuget\packages.config
	EndProjectSection
EndProject
Global
	GlobalSection(SolutionConfigurationPlatforms) = preSolution
		Debug|Any CPU = Debug|Any CPU
		Release|Any CPU = Release|Any CPU
	EndGlobalSection
	GlobalSection(ProjectConfigurationPlatforms) = postSolution
		{D52DDC9B-B506-4758-A5EC-33F097217829}.Debug|Any CPU.ActiveCfg = Debug|Any CPU
		{D52DDC9B-B506-4758-A5EC-33F097217829}.Debug|Any CPU.Build.0 = Debug|Any CPU
		{D52DDC9B-B506-4758-A5EC-33F097217829}.Release|Any CPU.ActiveCfg = Release|Any CPU
		{D52DDC9B-B506-4758-A5EC-33F097217829}.Release|Any CPU.Build.0 = Release|Any CPU
		{6F47C61C-F346-4CC9-ACEA-43655D662E28}.Debug|Any CPU.ActiveCfg = Debug|Any CPU
		{6F47C61C-F346-4CC9-ACEA-43655D662E28}.Debug|Any CPU.Build.0 = Debug|Any CPU
		{6F47C61C-F346-4CC9-ACEA-43655D662E28}.Release|Any CPU.ActiveCfg = Release|Any CPU
		{6F47C61C-F346-4CC9-ACEA-43655D662E28}.Release|Any CPU.Build.0 = Release|Any CPU
		{81BB01A3-4748-49A7-9E41-E11B043BD5C1}.Debug|Any CPU.ActiveCfg = Debug|Any CPU
		{81BB01A3-4748-49A7-9E41-E11B043BD5C1}.Debug|Any CPU.Build.0 = Debug|Any CPU
		{81BB01A3-4748-49A7-9E41-E11B043BD5C1}.Release|Any CPU.ActiveCfg = Release|Any CPU
		{81BB01A3-4748-49A7-9E41-E11B043BD5C1}.Release|Any CPU.Build.0 = Release|Any CPU
	EndGlobalSection
	GlobalSection(SolutionProperties) = preSolution
		HideSolutionNode = FALSE
	EndGlobalSection
EndGlobal
